{
  "pins" : [
    {
      "identity" : "chronometer",
      "kind" : "remoteSourceControl",
      "location" : "https://github.com/KittyMac/Chronometer.git",
      "state" : {
        "revision" : "99d4f4137837a28e1e294eb69ac66ad53c0934d3",
        "version" : "0.1.14"
      }
    },
    {
      "identity" : "gzipswift",
      "kind" : "remoteSourceControl",
      "location" : "https://github.com/KittyMac/GzipSwift.git",
      "state" : {
        "revision" : "0f5ce356dc9b75cde454caec96f9e7c2b931caae",
        "version" : "5.3.6"
      }
    },
    {
      "identity" : "hitch",
      "kind" : "remoteSourceControl",
      "location" : "https://github.com/KittyMac/Hitch.git",
      "state" : {
        "revision" : "43aa08479b418f9cc99aa6df430a740580898081",
        "version" : "0.4.150"
      }
    }
  ],
  "version" : 2
}
